
Microsoft Visual Studio Solution File, Format Version 12.00
# Visual Studio 15
VisualStudioVersion = 15.0.27703.2035
MinimumVisualStudioVersion = 10.0.40219.1
Project("{FAE04EC0-301F-11D3-BF4B-00C04F79EFBC}") = "Core", "Core\Core.csproj", "{CCDEEBAF-FE94-4FCD-AE07-A4C44A3F4D72}"
EndProject
Project("{FAE04EC0-301F-11D3-BF4B-00C04F79EFBC}") = "TestJt", "TestJt\TestJt.csproj", "{A0254768-2E7A-4519-BA00-4DD2B9490929}"
EndProject
Global
	GlobalSection(SolutionConfigurationPlatforms) = preSolution
		Debug|Any CPU = Debug|Any CPU
		Release|Any CPU = Release|Any CPU
	EndGlobalSection
	GlobalSection(ProjectConfigurationPlatforms) = postSolution
		{CCDEEBAF-FE94-4FCD-AE07-A4C44A3F4D72}.Debug|Any CPU.ActiveCfg = Debug|Any CPU
		{CCDEEBAF-FE94-4FCD-AE07-A4C44A3F4D72}.Debug|Any CPU.Build.0 = Debug|Any CPU
		{CCDEEBAF-FE94-4FCD-AE07-A4C44A3F4D72}.Release|Any CPU.ActiveCfg = Release|Any CPU
		{CCDEEBAF-FE94-4FCD-AE07-A4C44A3F4D72}.Release|Any CPU.Build.0 = Release|Any CPU
		{A0254768-2E7A-4519-BA00-4DD2B9490929}.Debug|Any CPU.ActiveCfg = Debug|Any CPU
		{A0254768-2E7A-4519-BA00-4DD2B9490929}.Debug|Any CPU.Build.0 = Debug|Any CPU
		{A0254768-2E7A-4519-BA00-4DD2B9490929}.Release|Any CPU.ActiveCfg = Release|Any CPU
		{A0254768-2E7A-4519-BA00-4DD2B9490929}.Release|Any CPU.Build.0 = Release|Any CPU
	EndGlobalSection
	GlobalSection(SolutionProperties) = preSolution
		HideSolutionNode = FALSE
	EndGlobalSection
	GlobalSection(ExtensibilityGlobals) = postSolution
		SolutionGuid = {2E17C49D-906D-4F34-9BD8-A3350D1CE3EB}
	EndGlobalSection
EndGlobal
